// !$*UTF8*$!
{
	archiveVersion = 1;
	classes = {
	};
	objectVersion = 46;
	objects = {

/* Begin PBXBuildFile section */
		0898F2721E1DCB92004FD0CB /* MPIntf.cpp in Sources */ = {isa = PBXBuildFile; fileRef = 0898F26F1E1DCB92004FD0CB /* MPIntf.cpp */; };
		0898F2731E1DCB92004FD0CB /* send_recv.cpp in Sources */ = {isa = PBXBuildFile; fileRef = 0898F2711E1DCB92004FD0CB /* send_recv.cpp */; };
/* End PBXBuildFile section */

/* Begin PBXCopyFilesBuildPhase section */
		0898F25A1E1DBC72004FD0CB /* CopyFiles */ = {
			isa = PBXCopyFilesBuildPhase;
			buildActionMask = 2147483647;
			dstPath = /usr/share/man/man1/;
			dstSubfolderSpec = 0;
			files = (
			);
			runOnlyForDeploymentPostprocessing = 1;
		};
/* End PBXCopyFilesBuildPhase section */

/* Begin PBXFileReference section */
		0898F25C1E1DBC72004FD0CB /* send_recv */ = {isa = PBXFileReference; explicitFileType = "compiled.mach-o.executable"; includeInIndex = 0; path = send_recv; sourceTree = BUILT_PRODUCTS_DIR; };
		0898F26F1E1DCB92004FD0CB /* MPIntf.cpp */ = {isa = PBXFileReference; fileEncoding = 4; lastKnownFileType = sourcecode.cpp.cpp; name = MPIntf.cpp; path = code/MPIntf.cpp; sourceTree = SOURCE_ROOT; };
		0898F2701E1DCB92004FD0CB /* MPIntf.h */ = {isa = PBXFileReference; fileEncoding = 4; lastKnownFileType = sourcecode.c.h; name = MPIntf.h; path = code/MPIntf.h; sourceTree = SOURCE_ROOT; };
		0898F2711E1DCB92004FD0CB /* send_recv.cpp */ = {isa = PBXFileReference; fileEncoding = 4; lastKnownFileType = sourcecode.cpp.cpp; name = send_recv.cpp; path = code/send_recv.cpp; sourceTree = SOURCE_ROOT; };
/* End PBXFileReference section */

/* Begin PBXFrameworksBuildPhase section */
		0898F2591E1DBC72004FD0CB /* Frameworks */ = {
			isa = PBXFrameworksBuildPhase;
			buildActionMask = 2147483647;
			files = (
			);
			runOnlyForDeploymentPostprocessing = 0;
		};
/* End PBXFrameworksBuildPhase section */

/* Begin PBXGroup section */
		0898F2531E1DBC72004FD0CB = {
			isa = PBXGroup;
			children = (
				0898F25E1E1DBC72004FD0CB /* send_recv */,
				0898F25D1E1DBC72004FD0CB /* Products */,
			);
			sourceTree = "<group>";
		};
		0898F25D1E1DBC72004FD0CB /* Products */ = {
			isa = PBXGroup;
			children = (
				0898F25C1E1DBC72004FD0CB /* send_recv */,
			);
			name = Products;
			sourceTree = "<group>";
		};
		0898F25E1E1DBC72004FD0CB /* send_recv */ = {
			isa = PBXGroup;
			children = (
				0898F26F1E1DCB92004FD0CB /* MPIntf.cpp */,
				0898F2701E1DCB92004FD0CB /* MPIntf.h */,
				0898F2711E1DCB92004FD0CB /* send_recv.cpp */,
			);
			path = send_recv;
			sourceTree = "<group>";
		};
/* End PBXGroup section */

/* Begin PBXNativeTarget section */
		0898F25B1E1DBC72004FD0CB /* send_recv */ = {
			isa = PBXNativeTarget;
			buildConfigurationList = 0898F2631E1DBC72004FD0CB /* Build configuration list for PBXNativeTarget "send_recv" */;
			buildPhases = (
				0898F2581E1DBC72004FD0CB /* Sources */,
				0898F2591E1DBC72004FD0CB /* Frameworks */,
				0898F25A1E1DBC72004FD0CB /* CopyFiles */,
			);
			buildRules = (
			);
			dependencies = (
			);
			name = send_recv;
			productName = send_recv;
			productReference = 0898F25C1E1DBC72004FD0CB /* send_recv */;
			productType = "com.apple.product-type.tool";
		};
/* End PBXNativeTarget section */

/* Begin PBXProject section */
		0898F2541E1DBC72004FD0CB /* Project object */ = {
			isa = PBXProject;
			attributes = {
				LastUpgradeCheck = 0820;
				ORGANIZATIONNAME = "Vincent Predoehl";
				TargetAttributes = {
					0898F25B1E1DBC72004FD0CB = {
						CreatedOnToolsVersion = 8.2.1;
						ProvisioningStyle = Automatic;
					};
				};
			};
			buildConfigurationList = 0898F2571E1DBC72004FD0CB /* Build configuration list for PBXProject "send_recv" */;
			compatibilityVersion = "Xcode 3.2";
			developmentRegion = English;
			hasScannedForEncodings = 0;
			knownRegions = (
				en,
			);
			mainGroup = 0898F2531E1DBC72004FD0CB;
			productRefGroup = 0898F25D1E1DBC72004FD0CB /* Products */;
			projectDirPath = "";
			projectRoot = "";
			targets = (
				0898F25B1E1DBC72004FD0CB /* send_recv */,
			);
		};
/* End PBXProject section */

/* Begin PBXSourcesBuildPhase section */
		0898F2581E1DBC72004FD0CB /* Sources */ = {
			isa = PBXSourcesBuildPhase;
			buildActionMask = 2147483647;
			files = (
				0898F2721E1DCB92004FD0CB /* MPIntf.cpp in Sources */,
				0898F2731E1DCB92004FD0CB /* send_recv.cpp in Sources */,
			);
			runOnlyForDeploymentPostprocessing = 0;
		};
/* End PBXSourcesBuildPhase section */

/* Begin XCBuildConfiguration section */
		0898F2611E1DBC72004FD0CB /* Debug */ = {
			isa = XCBuildConfiguration;
			buildSettings = {
				ALWAYS_SEARCH_USER_PATHS = NO;
				CLANG_ANALYZER_NONNULL = YES;
				CLANG_CXX_LANGUAGE_STANDARD = "gnu++0x";
				CLANG_CXX_LIBRARY = "libc++";
				CLANG_ENABLE_MODULES = YES;
				CLANG_ENABLE_OBJC_ARC = YES;
				CLANG_WARN_BOOL_CONVERSION = YES;
				CLANG_WARN_CONSTANT_CONVERSION = YES;
				CLANG_WARN_DIRECT_OBJC_ISA_USAGE = YES_ERROR;
				CLANG_WARN_DOCUMENTATION_COMMENTS = YES;
				CLANG_WARN_EMPTY_BODY = YES;
				CLANG_WARN_ENUM_CONVERSION = YES;
				CLANG_WARN_INFINITE_RECURSION = YES;
				CLANG_WARN_INT_CONVERSION = YES;
				CLANG_WARN_OBJC_ROOT_CLASS = YES_ERROR;
				CLANG_WARN_SUSPICIOUS_MOVE = YES;
				CLANG_WARN_UNREACHABLE_CODE = YES;
				CLANG_WARN__DUPLICATE_METHOD_MATCH = YES;
				CODE_SIGN_IDENTITY = "-";
				COPY_PHASE_STRIP = NO;
				DEBUG_INFORMATION_FORMAT = dwarf;
				ENABLE_STRICT_OBJC_MSGSEND = YES;
				ENABLE_TESTABILITY = YES;
				GCC_C_LANGUAGE_STANDARD = gnu99;
				GCC_DYNAMIC_NO_PIC = NO;
				GCC_NO_COMMON_BLOCKS = YES;
				GCC_OPTIMIZATION_LEVEL = 0;
				GCC_PREPROCESSOR_DEFINITIONS = (
					"DEBUG=1",
					"$(inherited)",
				);
				GCC_WARN_64_TO_32_BIT_CONVERSION = YES;
				GCC_WARN_ABOUT_RETURN_TYPE = YES_ERROR;
				GCC_WARN_UNDECLARED_SELECTOR = YES;
				GCC_WARN_UNINITIALIZED_AUTOS = YES_AGGRESSIVE;
				GCC_WARN_UNUSED_FUNCTION = YES;
				GCC_WARN_UNUSED_VARIABLE = YES;
				MACOSX_DEPLOYMENT_TARGET = 10.12;
				MTL_ENABLE_DEBUG_INFO = YES;
				ONLY_ACTIVE_ARCH = YES;
				SDKROOT = macosx;
			};
			name = Debug;
		};
		0898F2621E1DBC72004FD0CB /* Release */ = {
			isa = XCBuildConfiguration;
			buildSettings = {
				ALWAYS_SEARCH_USER_PATHS = NO;
				CLANG_ANALYZER_NONNULL = YES;
				CLANG_CXX_LANGUAGE_STANDARD = "gnu++0x";
				CLANG_CXX_LIBRARY = "libc++";
				CLANG_ENABLE_MODULES = YES;
				CLANG_ENABLE_OBJC_ARC = YES;
				CLANG_WARN_BOOL_CONVERSION = YES;
				CLANG_WARN_CONSTANT_CONVERSION = YES;
				CLANG_WARN_DIRECT_OBJC_ISA_USAGE = YES_ERROR;
				CLANG_WARN_DOCUMENTATION_COMMENTS = YES;
				CLANG_WARN_EMPTY_BODY = YES;
				CLANG_WARN_ENUM_CONVERSION = YES;
				CLANG_WARN_INFINITE_RECURSION = YES;
				CLANG_WARN_INT_CONVERSION = YES;
				CLANG_WARN_OBJC_ROOT_CLASS = YES_ERROR;
				CLANG_WARN_SUSPICIOUS_MOVE = YES;
				CLANG_WARN_UNREACHABLE_CODE = YES;
				CLANG_WARN__DUPLICATE_METHOD_MATCH = YES;
				CODE_SIGN_IDENTITY = "-";
				COPY_PHASE_STRIP = NO;
				DEBUG_INFORMATION_FORMAT = "dwarf-with-dsym";
				ENABLE_NS_ASSERTIONS = NO;
				ENABLE_STRICT_OBJC_MSGSEND = YES;
				GCC_C_LANGUAGE_STANDARD = gnu99;
				GCC_NO_COMMON_BLOCKS = YES;
				GCC_WARN_64_TO_32_BIT_CONVERSION = YES;
				GCC_WARN_ABOUT_RETURN_TYPE = YES_ERROR;
				GCC_WARN_UNDECLARED_SELECTOR = YES;
				GCC_WARN_UNINITIALIZED_AUTOS = YES_AGGRESSIVE;
				GCC_WARN_UNUSED_FUNCTION = YES;
				GCC_WARN_UNUSED_VARIABLE = YES;
				MACOSX_DEPLOYMENT_TARGET = 10.12;
				MTL_ENABLE_DEBUG_INFO = NO;
				SDKROOT = macosx;
			};
			name = Release;
		};
		0898F2641E1DBC72004FD0CB /* Debug */ = {
			isa = XCBuildConfiguration;
			buildSettings = {
				GCC_VERSION = "";
				HEADER_SEARCH_PATHS = /usr/local/include;
				LIBRARY_SEARCH_PATHS = /usr/local/lib;
				OTHER_LDFLAGS = "-lmpi";
				PRODUCT_NAME = "$(TARGET_NAME)";
			};
			name = Debug;
		};
		0898F2651E1DBC72004FD0CB /* Release */ = {
			isa = XCBuildConfiguration;
			buildSettings = {
				GCC_VERSION = "";
				HEADER_SEARCH_PATHS = /usr/local/include;
				LIBRARY_SEARCH_PATHS = /usr/local/lib;
				OTHER_LDFLAGS = "-lmpi";
				PRODUCT_NAME = "$(TARGET_NAME)";
			};
			name = Release;
		};
/* End XCBuildConfiguration section */

/* Begin XCConfigurationList section */
		0898F2571E1DBC72004FD0CB /* Build configuration list for PBXProject "send_recv" */ = {
			isa = XCConfigurationList;
			buildConfigurations = (
				0898F2611E1DBC72004FD0CB /* Debug */,
				0898F2621E1DBC72004FD0CB /* Release */,
			);
			defaultConfigurationIsVisible = 0;
			defaultConfigurationName = Release;
		};
		0898F2631E1DBC72004FD0CB /* Build configuration list for PBXNativeTarget "send_recv" */ = {
			isa = XCConfigurationList;
			buildConfigurations = (
				0898F2641E1DBC72004FD0CB /* Debug */,
				0898F2651E1DBC72004FD0CB /* Release */,
			);
			defaultConfigurationIsVisible = 0;
			defaultConfigurationName = Release;
		};
/* End XCConfigurationList section */
	};
	rootObject = 0898F2541E1DBC72004FD0CB /* Project object */;
}
